
Microsoft Visual Studio Solution File, Format Version 12.00
# Visual Studio Version 17
VisualStudioVersion = 17.1.32407.343
MinimumVisualStudioVersion = 10.0.40219.1
Project("{FAE04EC0-301F-11D3-BF4B-00C04F79EFBC}") = "BikeRaceTimer", "BikeRaceTimer.csproj", "{88E2F010-6408-40EB-9CC8-E3D1A9D54D1F}"
EndProject
Global
	GlobalSection(SolutionConfigurationPlatforms) = preSolution
		Debug|Any CPU = Debug|Any CPU
		Release|Any CPU = Release|Any CPU
	EndGlobalSection
	GlobalSection(ProjectConfigurationPlatforms) = postSolution
		{88E2F010-6408-40EB-9CC8-E3D1A9D54D1F}.Debug|Any CPU.ActiveCfg = Debug|Any CPU
		{88E2F010-6408-40EB-9CC8-E3D1A9D54D1F}.Debug|Any CPU.Build.0 = Debug|Any CPU
		{88E2F010-6408-40EB-9CC8-E3D1A9D54D1F}.Release|Any CPU.ActiveCfg = Release|Any CPU
		{88E2F010-6408-40EB-9CC8-E3D1A9D54D1F}.Release|Any CPU.Build.0 = Release|Any CPU
	EndGlobalSection
	GlobalSection(SolutionProperties) = preSolution
		HideSolutionNode = FALSE
	EndGlobalSection
	GlobalSection(ExtensibilityGlobals) = postSolution
		SolutionGuid = {5C79EBB3-7D04-4D7E-B902-7B5DFB962D3A}
	EndGlobalSection
EndGlobal
